
Microsoft Visual Studio Solution File, Format Version 12.00
# Visual Studio Version 16
VisualStudioVersion = 16.0.31702.278
MinimumVisualStudioVersion = 10.0.40219.1
Project("{FAE04EC0-301F-11D3-BF4B-00C04F79EFBC}") = "SICAR.Android", "SICAR\SICAR.Android\SICAR.Android.csproj", "{1B2A63BA-576D-4695-9EE1-D6B0EFF696ED}"
EndProject
Project("{FAE04EC0-301F-11D3-BF4B-00C04F79EFBC}") = "SICAR.iOS", "SICAR\SICAR.iOS\SICAR.iOS.csproj", "{1069A483-0157-4AD0-9A61-E0AF155EAABA}"
EndProject
Project("{FAE04EC0-301F-11D3-BF4B-00C04F79EFBC}") = "SICAR", "SICAR\SICAR\SICAR.csproj", "{9C61F5DA-C909-4F36-A29E-B54424A05FBF}"
EndProject
Global
	GlobalSection(SolutionConfigurationPlatforms) = preSolution
		Debug|Any CPU = Debug|Any CPU
		Debug|iPhone = Debug|iPhone
		Debug|iPhoneSimulator = Debug|iPhoneSimulator
		Release|Any CPU = Release|Any CPU
		Release|iPhone = Release|iPhone
		Release|iPhoneSimulator = Release|iPhoneSimulator
	EndGlobalSection
	GlobalSection(ProjectConfigurationPlatforms) = postSolution
		{1B2A63BA-576D-4695-9EE1-D6B0EFF696ED}.Debug|Any CPU.ActiveCfg = Debug|Any CPU
		{1B2A63BA-576D-4695-9EE1-D6B0EFF696ED}.Debug|Any CPU.Build.0 = Debug|Any CPU
		{1B2A63BA-576D-4695-9EE1-D6B0EFF696ED}.Debug|Any CPU.Deploy.0 = Debug|Any CPU
		{1B2A63BA-576D-4695-9EE1-D6B0EFF696ED}.Debug|iPhone.ActiveCfg = Debug|Any CPU
		{1B2A63BA-576D-4695-9EE1-D6B0EFF696ED}.Debug|iPhone.Build.0 = Debug|Any CPU
		{1B2A63BA-576D-4695-9EE1-D6B0EFF696ED}.Debug|iPhone.Deploy.0 = Debug|Any CPU
		{1B2A63BA-576D-4695-9EE1-D6B0EFF696ED}.Debug|iPhoneSimulator.ActiveCfg = Debug|Any CPU
		{1B2A63BA-576D-4695-9EE1-D6B0EFF696ED}.Debug|iPhoneSimulator.Build.0 = Debug|Any CPU
		{1B2A63BA-576D-4695-9EE1-D6B0EFF696ED}.Debug|iPhoneSimulator.Deploy.0 = Debug|Any CPU
		{1B2A63BA-576D-4695-9EE1-D6B0EFF696ED}.Release|Any CPU.ActiveCfg = Release|Any CPU
		{1B2A63BA-576D-4695-9EE1-D6B0EFF696ED}.Release|Any CPU.Build.0 = Release|Any CPU
		{1B2A63BA-576D-4695-9EE1-D6B0EFF696ED}.Release|Any CPU.Deploy.0 = Release|Any CPU
		{1B2A63BA-576D-4695-9EE1-D6B0EFF696ED}.Release|iPhone.ActiveCfg = Release|Any CPU
		{1B2A63BA-576D-4695-9EE1-D6B0EFF696ED}.Release|iPhone.Build.0 = Release|Any CPU
		{1B2A63BA-576D-4695-9EE1-D6B0EFF696ED}.Release|iPhone.Deploy.0 = Release|Any CPU
		{1B2A63BA-576D-4695-9EE1-D6B0EFF696ED}.Release|iPhoneSimulator.ActiveCfg = Release|Any CPU
		{1B2A63BA-576D-4695-9EE1-D6B0EFF696ED}.Release|iPhoneSimulator.Build.0 = Release|Any CPU
		{1B2A63BA-576D-4695-9EE1-D6B0EFF696ED}.Release|iPhoneSimulator.Deploy.0 = Release|Any CPU
		{1069A483-0157-4AD0-9A61-E0AF155EAABA}.Debug|Any CPU.ActiveCfg = Debug|iPhone
		{1069A483-0157-4AD0-9A61-E0AF155EAABA}.Debug|Any CPU.Build.0 = Debug|iPhone
		{1069A483-0157-4AD0-9A61-E0AF155EAABA}.Debug|Any CPU.Deploy.0 = Debug|iPhone
		{1069A483-0157-4AD0-9A61-E0AF155EAABA}.Debug|iPhone.ActiveCfg = Debug|iPhone
		{1069A483-0157-4AD0-9A61-E0AF155EAABA}.Debug|iPhone.Build.0 = Debug|iPhone
		{1069A483-0157-4AD0-9A61-E0AF155EAABA}.Debug|iPhone.Deploy.0 = Debug|iPhone
		{1069A483-0157-4AD0-9A61-E0AF155EAABA}.Debug|iPhoneSimulator.ActiveCfg = Debug|iPhoneSimulator
		{1069A483-0157-4AD0-9A61-E0AF155EAABA}.Debug|iPhoneSimulator.Build.0 = Debug|iPhoneSimulator
		{1069A483-0157-4AD0-9A61-E0AF155EAABA}.Debug|iPhoneSimulator.Deploy.0 = Debug|iPhoneSimulator
		{1069A483-0157-4AD0-9A61-E0AF155EAABA}.Release|Any CPU.ActiveCfg = Release|iPhoneSimulator
		{1069A483-0157-4AD0-9A61-E0AF155EAABA}.Release|Any CPU.Build.0 = Release|iPhoneSimulator
		{1069A483-0157-4AD0-9A61-E0AF155EAABA}.Release|Any CPU.Deploy.0 = Release|iPhoneSimulator
		{1069A483-0157-4AD0-9A61-E0AF155EAABA}.Release|iPhone.ActiveCfg = Release|iPhone
		{1069A483-0157-4AD0-9A61-E0AF155EAABA}.Release|iPhone.Build.0 = Release|iPhone
		{1069A483-0157-4AD0-9A61-E0AF155EAABA}.Release|iPhone.Deploy.0 = Release|iPhone
		{1069A483-0157-4AD0-9A61-E0AF155EAABA}.Release|iPhoneSimulator.ActiveCfg = Release|iPhoneSimulator
		{1069A483-0157-4AD0-9A61-E0AF155EAABA}.Release|iPhoneSimulator.Build.0 = Release|iPhoneSimulator
		{1069A483-0157-4AD0-9A61-E0AF155EAABA}.Release|iPhoneSimulator.Deploy.0 = Release|iPhoneSimulator
		{9C61F5DA-C909-4F36-A29E-B54424A05FBF}.Debug|Any CPU.ActiveCfg = Debug|Any CPU
		{9C61F5DA-C909-4F36-A29E-B54424A05FBF}.Debug|Any CPU.Build.0 = Debug|Any CPU
		{9C61F5DA-C909-4F36-A29E-B54424A05FBF}.Debug|Any CPU.Deploy.0 = Debug|Any CPU
		{9C61F5DA-C909-4F36-A29E-B54424A05FBF}.Debug|iPhone.ActiveCfg = Debug|Any CPU
		{9C61F5DA-C909-4F36-A29E-B54424A05FBF}.Debug|iPhone.Build.0 = Debug|Any CPU
		{9C61F5DA-C909-4F36-A29E-B54424A05FBF}.Debug|iPhone.Deploy.0 = Debug|Any CPU
		{9C61F5DA-C909-4F36-A29E-B54424A05FBF}.Debug|iPhoneSimulator.ActiveCfg = Debug|Any CPU
		{9C61F5DA-C909-4F36-A29E-B54424A05FBF}.Debug|iPhoneSimulator.Build.0 = Debug|Any CPU
		{9C61F5DA-C909-4F36-A29E-B54424A05FBF}.Debug|iPhoneSimulator.Deploy.0 = Debug|Any CPU
		{9C61F5DA-C909-4F36-A29E-B54424A05FBF}.Release|Any CPU.ActiveCfg = Release|Any CPU
		{9C61F5DA-C909-4F36-A29E-B54424A05FBF}.Release|Any CPU.Build.0 = Release|Any CPU
		{9C61F5DA-C909-4F36-A29E-B54424A05FBF}.Release|Any CPU.Deploy.0 = Release|Any CPU
		{9C61F5DA-C909-4F36-A29E-B54424A05FBF}.Release|iPhone.ActiveCfg = Release|Any CPU
		{9C61F5DA-C909-4F36-A29E-B54424A05FBF}.Release|iPhone.Build.0 = Release|Any CPU
		{9C61F5DA-C909-4F36-A29E-B54424A05FBF}.Release|iPhone.Deploy.0 = Release|Any CPU
		{9C61F5DA-C909-4F36-A29E-B54424A05FBF}.Release|iPhoneSimulator.ActiveCfg = Release|Any CPU
		{9C61F5DA-C909-4F36-A29E-B54424A05FBF}.Release|iPhoneSimulator.Build.0 = Release|Any CPU
		{9C61F5DA-C909-4F36-A29E-B54424A05FBF}.Release|iPhoneSimulator.Deploy.0 = Release|Any CPU
	EndGlobalSection
	GlobalSection(SolutionProperties) = preSolution
		HideSolutionNode = FALSE
	EndGlobalSection
	GlobalSection(ExtensibilityGlobals) = postSolution
		SolutionGuid = {A5A29598-E87E-4BA7-A83C-D5BAF0B1C144}
	EndGlobalSection
EndGlobal
